
Microsoft Visual Studio Solution File, Format Version 12.00
# Visual Studio 15
Project("{FAE04EC0-301F-11D3-BF4B-00C04F79EFBC}") = "Assembly-CSharp", "Assembly-CSharp.csproj", "{97F4FED3-E844-A876-B408-5AFD790BC869}"
EndProject
Project("{FAE04EC0-301F-11D3-BF4B-00C04F79EFBC}") = "Assembly-CSharp", "Assembly-CSharp.Player.csproj", "{89B0A39F-93D3-9608-60E7-DD6339DB38CD}"
EndProject
Global
	GlobalSection(SolutionConfigurationPlatforms) = preSolution
		Debug|Any CPU = Debug|Any CPU
		Release|Any CPU = Release|Any CPU
	EndGlobalSection
	GlobalSection(ProjectConfigurationPlatforms) = postSolution
		{97F4FED3-E844-A876-B408-5AFD790BC869}.Debug|Any CPU.ActiveCfg = Debug|Any CPU
		{97F4FED3-E844-A876-B408-5AFD790BC869}.Debug|Any CPU.Build.0 = Debug|Any CPU
		{97F4FED3-E844-A876-B408-5AFD790BC869}.Release|Any CPU.ActiveCfg = Release|Any CPU
		{97F4FED3-E844-A876-B408-5AFD790BC869}.Release|Any CPU.Build.0 = Release|Any CPU
		{89B0A39F-93D3-9608-60E7-DD6339DB38CD}.Debug|Any CPU.ActiveCfg = Debug|Any CPU
		{89B0A39F-93D3-9608-60E7-DD6339DB38CD}.Debug|Any CPU.Build.0 = Debug|Any CPU
		{89B0A39F-93D3-9608-60E7-DD6339DB38CD}.Release|Any CPU.ActiveCfg = Release|Any CPU
		{89B0A39F-93D3-9608-60E7-DD6339DB38CD}.Release|Any CPU.Build.0 = Release|Any CPU
	EndGlobalSection
	GlobalSection(SolutionProperties) = preSolution
		HideSolutionNode = FALSE
	EndGlobalSection
EndGlobal
